
Microsoft Visual Studio Solution File, Format Version 12.00
# Visual Studio 15
VisualStudioVersion = 15.0.28307.421
MinimumVisualStudioVersion = 10.0.40219.1
Project("{2150E333-8FDC-42A3-9474-1A3956D46DE8}") = "templates", "templates", "{F384A961-D8B7-4E95-A949-3E7302F90886}"
EndProject
Project("{2150E333-8FDC-42A3-9474-1A3956D46DE8}") = "LambdaFunction", "LambdaFunction", "{DC74BE0A-8629-45CF-A7AA-476CF7C737F1}"
	ProjectSection(SolutionItems) = preProject
		templates\LambdaFunction\.template.config\template.json = templates\LambdaFunction\.template.config\template.json
	EndProjectSection
EndProject
Project("{2150E333-8FDC-42A3-9474-1A3956D46DE8}") = "src", "src", "{BB552E0C-24AE-48A3-8370-BC3718AF31B2}"
EndProject
Project("{9A19103F-16F7-4668-BE54-9A1E7A4F7556}") = "FunctionProject", "templates\LambdaFunction\src\FunctionProject\FunctionProject.csproj", "{D5680F23-8678-4D57-8F26-25F64FF63009}"
EndProject
Project("{2150E333-8FDC-42A3-9474-1A3956D46DE8}") = "test", "test", "{B54E5C78-933E-4BD3-B619-67F34D358398}"
EndProject
Project("{9A19103F-16F7-4668-BE54-9A1E7A4F7556}") = "FunctionProject.Tests", "templates\LambdaFunction\test\FunctionProject.Tests\FunctionProject.Tests.csproj", "{21F2D09D-D998-4B4D-9380-1F7EC59A6BD4}"
EndProject
Project("{2150E333-8FDC-42A3-9474-1A3956D46DE8}") = "ApiFunction", "ApiFunction", "{711205CA-D423-4C35-9AA3-F980D0ED36CA}"
	ProjectSection(SolutionItems) = preProject
		templates\ApiFunction\.template.config\template.json = templates\ApiFunction\.template.config\template.json
	EndProjectSection
EndProject
Project("{2150E333-8FDC-42A3-9474-1A3956D46DE8}") = "src", "src", "{779D8E98-30A3-419E-B2A5-EE93E0854C46}"
EndProject
Project("{2150E333-8FDC-42A3-9474-1A3956D46DE8}") = "test", "test", "{98E30D9E-FF89-4095-A25C-5CC3FFDD84AB}"
EndProject
Project("{9A19103F-16F7-4668-BE54-9A1E7A4F7556}") = "FunctionProject", "templates\ApiFunction\src\FunctionProject\FunctionProject.csproj", "{301BDD24-C417-4648-88C9-D4FF410CC834}"
EndProject
Project("{9A19103F-16F7-4668-BE54-9A1E7A4F7556}") = "FunctionProject.Tests", "templates\ApiFunction\test\FunctionProject.Tests\FunctionProject.Tests.csproj", "{F2B2B0EA-348D-4166-982F-D98BEB2A5135}"
EndProject
Project("{FAE04EC0-301F-11D3-BF4B-00C04F79EFBC}") = "UD.Lambda.Templates", "UD.Lambda.Templates.csproj", "{B649AF74-EFA7-4F3C-8C77-4366C887A33B}"
EndProject
Global
	GlobalSection(SolutionConfigurationPlatforms) = preSolution
		Debug|Any CPU = Debug|Any CPU
		Release|Any CPU = Release|Any CPU
	EndGlobalSection
	GlobalSection(ProjectConfigurationPlatforms) = postSolution
		{D5680F23-8678-4D57-8F26-25F64FF63009}.Debug|Any CPU.ActiveCfg = Debug|Any CPU
		{D5680F23-8678-4D57-8F26-25F64FF63009}.Debug|Any CPU.Build.0 = Debug|Any CPU
		{D5680F23-8678-4D57-8F26-25F64FF63009}.Release|Any CPU.ActiveCfg = Release|Any CPU
		{D5680F23-8678-4D57-8F26-25F64FF63009}.Release|Any CPU.Build.0 = Release|Any CPU
		{21F2D09D-D998-4B4D-9380-1F7EC59A6BD4}.Debug|Any CPU.ActiveCfg = Debug|Any CPU
		{21F2D09D-D998-4B4D-9380-1F7EC59A6BD4}.Debug|Any CPU.Build.0 = Debug|Any CPU
		{21F2D09D-D998-4B4D-9380-1F7EC59A6BD4}.Release|Any CPU.ActiveCfg = Release|Any CPU
		{21F2D09D-D998-4B4D-9380-1F7EC59A6BD4}.Release|Any CPU.Build.0 = Release|Any CPU
		{301BDD24-C417-4648-88C9-D4FF410CC834}.Debug|Any CPU.ActiveCfg = Debug|Any CPU
		{301BDD24-C417-4648-88C9-D4FF410CC834}.Debug|Any CPU.Build.0 = Debug|Any CPU
		{301BDD24-C417-4648-88C9-D4FF410CC834}.Release|Any CPU.ActiveCfg = Release|Any CPU
		{301BDD24-C417-4648-88C9-D4FF410CC834}.Release|Any CPU.Build.0 = Release|Any CPU
		{F2B2B0EA-348D-4166-982F-D98BEB2A5135}.Debug|Any CPU.ActiveCfg = Debug|Any CPU
		{F2B2B0EA-348D-4166-982F-D98BEB2A5135}.Debug|Any CPU.Build.0 = Debug|Any CPU
		{F2B2B0EA-348D-4166-982F-D98BEB2A5135}.Release|Any CPU.ActiveCfg = Release|Any CPU
		{F2B2B0EA-348D-4166-982F-D98BEB2A5135}.Release|Any CPU.Build.0 = Release|Any CPU
		{B649AF74-EFA7-4F3C-8C77-4366C887A33B}.Debug|Any CPU.ActiveCfg = Debug|Any CPU
		{B649AF74-EFA7-4F3C-8C77-4366C887A33B}.Debug|Any CPU.Build.0 = Debug|Any CPU
		{B649AF74-EFA7-4F3C-8C77-4366C887A33B}.Release|Any CPU.ActiveCfg = Release|Any CPU
		{B649AF74-EFA7-4F3C-8C77-4366C887A33B}.Release|Any CPU.Build.0 = Release|Any CPU
	EndGlobalSection
	GlobalSection(SolutionProperties) = preSolution
		HideSolutionNode = FALSE
	EndGlobalSection
	GlobalSection(NestedProjects) = preSolution
		{DC74BE0A-8629-45CF-A7AA-476CF7C737F1} = {F384A961-D8B7-4E95-A949-3E7302F90886}
		{BB552E0C-24AE-48A3-8370-BC3718AF31B2} = {DC74BE0A-8629-45CF-A7AA-476CF7C737F1}
		{D5680F23-8678-4D57-8F26-25F64FF63009} = {BB552E0C-24AE-48A3-8370-BC3718AF31B2}
		{B54E5C78-933E-4BD3-B619-67F34D358398} = {DC74BE0A-8629-45CF-A7AA-476CF7C737F1}
		{21F2D09D-D998-4B4D-9380-1F7EC59A6BD4} = {B54E5C78-933E-4BD3-B619-67F34D358398}
		{711205CA-D423-4C35-9AA3-F980D0ED36CA} = {F384A961-D8B7-4E95-A949-3E7302F90886}
		{779D8E98-30A3-419E-B2A5-EE93E0854C46} = {711205CA-D423-4C35-9AA3-F980D0ED36CA}
		{98E30D9E-FF89-4095-A25C-5CC3FFDD84AB} = {711205CA-D423-4C35-9AA3-F980D0ED36CA}
		{301BDD24-C417-4648-88C9-D4FF410CC834} = {779D8E98-30A3-419E-B2A5-EE93E0854C46}
		{F2B2B0EA-348D-4166-982F-D98BEB2A5135} = {98E30D9E-FF89-4095-A25C-5CC3FFDD84AB}
	EndGlobalSection
	GlobalSection(ExtensibilityGlobals) = postSolution
		SolutionGuid = {66F4340C-368A-4C75-980F-361AF17B0CF0}
	EndGlobalSection
EndGlobal
